
Microsoft Visual Studio Solution File, Format Version 12.00
# Visual Studio Version 17
VisualStudioVersion = 17.7.34024.191
MinimumVisualStudioVersion = 10.0.40219.1
Project("{8BC9CEB8-8B4A-11D0-8D11-00A0C91BC942}") = "pds_3(2)", "pds_3(2)\pds_3(2).vcxproj", "{31B93F71-4E92-48F1-92B2-F81EC876BDD2}"
EndProject
Project("{8BC9CEB8-8B4A-11D0-8D11-00A0C91BC942}") = "UnitTest1", "UnitTest1\UnitTest1.vcxproj", "{4F14D640-2F03-466E-8BAF-6F8928137203}"
EndProject
Global
	GlobalSection(SolutionConfigurationPlatforms) = preSolution
		Debug|x64 = Debug|x64
		Debug|x86 = Debug|x86
		Release|x64 = Release|x64
		Release|x86 = Release|x86
	EndGlobalSection
	GlobalSection(ProjectConfigurationPlatforms) = postSolution
		{31B93F71-4E92-48F1-92B2-F81EC876BDD2}.Debug|x64.ActiveCfg = Debug|x64
		{31B93F71-4E92-48F1-92B2-F81EC876BDD2}.Debug|x64.Build.0 = Debug|x64
		{31B93F71-4E92-48F1-92B2-F81EC876BDD2}.Debug|x86.ActiveCfg = Debug|Win32
		{31B93F71-4E92-48F1-92B2-F81EC876BDD2}.Debug|x86.Build.0 = Debug|Win32
		{31B93F71-4E92-48F1-92B2-F81EC876BDD2}.Release|x64.ActiveCfg = Release|x64
		{31B93F71-4E92-48F1-92B2-F81EC876BDD2}.Release|x64.Build.0 = Release|x64
		{31B93F71-4E92-48F1-92B2-F81EC876BDD2}.Release|x86.ActiveCfg = Release|Win32
		{31B93F71-4E92-48F1-92B2-F81EC876BDD2}.Release|x86.Build.0 = Release|Win32
		{4F14D640-2F03-466E-8BAF-6F8928137203}.Debug|x64.ActiveCfg = Debug|x64
		{4F14D640-2F03-466E-8BAF-6F8928137203}.Debug|x64.Build.0 = Debug|x64
		{4F14D640-2F03-466E-8BAF-6F8928137203}.Debug|x86.ActiveCfg = Debug|Win32
		{4F14D640-2F03-466E-8BAF-6F8928137203}.Debug|x86.Build.0 = Debug|Win32
		{4F14D640-2F03-466E-8BAF-6F8928137203}.Release|x64.ActiveCfg = Release|x64
		{4F14D640-2F03-466E-8BAF-6F8928137203}.Release|x64.Build.0 = Release|x64
		{4F14D640-2F03-466E-8BAF-6F8928137203}.Release|x86.ActiveCfg = Release|Win32
		{4F14D640-2F03-466E-8BAF-6F8928137203}.Release|x86.Build.0 = Release|Win32
	EndGlobalSection
	GlobalSection(SolutionProperties) = preSolution
		HideSolutionNode = FALSE
	EndGlobalSection
	GlobalSection(ExtensibilityGlobals) = postSolution
		SolutionGuid = {5B8A0C4A-CDA0-4B10-B85D-D5A3CE72CF8E}
	EndGlobalSection
EndGlobal
